// !$*UTF8*$!
{
	archiveVersion = 1;
	classes = {
	};
	objectVersion = 50;
	objects = {

/* Begin PBXBuildFile section */
		EAC53983289F395500366599 /* RemoteFeedLoader.swift in Sources */ = {isa = PBXBuildFile; fileRef = EAC53982289F395500366599 /* RemoteFeedLoader.swift */; };
		EAD15734289D0D2500B2A32F /* AppDelegate.swift in Sources */ = {isa = PBXBuildFile; fileRef = EAD15733289D0D2500B2A32F /* AppDelegate.swift */; };
		EAD15736289D0D2500B2A32F /* SceneDelegate.swift in Sources */ = {isa = PBXBuildFile; fileRef = EAD15735289D0D2500B2A32F /* SceneDelegate.swift */; };
		EAD15738289D0D2500B2A32F /* ViewController.swift in Sources */ = {isa = PBXBuildFile; fileRef = EAD15737289D0D2500B2A32F /* ViewController.swift */; };
		EAD1573B289D0D2500B2A32F /* Main.storyboard in Resources */ = {isa = PBXBuildFile; fileRef = EAD15739289D0D2500B2A32F /* Main.storyboard */; };
		EAD1573D289D0D2700B2A32F /* Assets.xcassets in Resources */ = {isa = PBXBuildFile; fileRef = EAD1573C289D0D2700B2A32F /* Assets.xcassets */; };
		EAD15740289D0D2700B2A32F /* LaunchScreen.storyboard in Resources */ = {isa = PBXBuildFile; fileRef = EAD1573E289D0D2700B2A32F /* LaunchScreen.storyboard */; };
		EAD1579C289D109400B2A32F /* FeedTests.swift in Sources */ = {isa = PBXBuildFile; fileRef = EAD1579B289D109300B2A32F /* FeedTests.swift */; };
		EAD157A8289D196C00B2A32F /* FeedItem.swift in Sources */ = {isa = PBXBuildFile; fileRef = EAD157A7289D196C00B2A32F /* FeedItem.swift */; };
		EAD157AC289D1A3500B2A32F /* FeedLoader.swift in Sources */ = {isa = PBXBuildFile; fileRef = EAD157AB289D1A3500B2A32F /* FeedLoader.swift */; };
		EAD157B0289D272900B2A32F /* RemoteFeedLoaderTests.swift in Sources */ = {isa = PBXBuildFile; fileRef = EAD157AF289D272900B2A32F /* RemoteFeedLoaderTests.swift */; };
/* End PBXBuildFile section */

/* Begin PBXContainerItemProxy section */
		EAD1579E289D109400B2A32F /* PBXContainerItemProxy */ = {
			isa = PBXContainerItemProxy;
			containerPortal = EAD15728289D0D2500B2A32F /* Project object */;
			proxyType = 1;
			remoteGlobalIDString = EAD1572F289D0D2500B2A32F;
			remoteInfo = Feed;
		};
/* End PBXContainerItemProxy section */

/* Begin PBXFileReference section */
		EAC53982289F395500366599 /* RemoteFeedLoader.swift */ = {isa = PBXFileReference; lastKnownFileType = sourcecode.swift; path = RemoteFeedLoader.swift; sourceTree = "<group>"; };
		EAD15730289D0D2500B2A32F /* Feed.app */ = {isa = PBXFileReference; explicitFileType = wrapper.application; includeInIndex = 0; path = Feed.app; sourceTree = BUILT_PRODUCTS_DIR; };
		EAD15733289D0D2500B2A32F /* AppDelegate.swift */ = {isa = PBXFileReference; lastKnownFileType = sourcecode.swift; path = AppDelegate.swift; sourceTree = "<group>"; };
		EAD15735289D0D2500B2A32F /* SceneDelegate.swift */ = {isa = PBXFileReference; lastKnownFileType = sourcecode.swift; path = SceneDelegate.swift; sourceTree = "<group>"; };
		EAD15737289D0D2500B2A32F /* ViewController.swift */ = {isa = PBXFileReference; lastKnownFileType = sourcecode.swift; path = ViewController.swift; sourceTree = "<group>"; };
		EAD1573A289D0D2500B2A32F /* Base */ = {isa = PBXFileReference; lastKnownFileType = file.storyboard; name = Base; path = Base.lproj/Main.storyboard; sourceTree = "<group>"; };
		EAD1573C289D0D2700B2A32F /* Assets.xcassets */ = {isa = PBXFileReference; lastKnownFileType = folder.assetcatalog; path = Assets.xcassets; sourceTree = "<group>"; };
		EAD1573F289D0D2700B2A32F /* Base */ = {isa = PBXFileReference; lastKnownFileType = file.storyboard; name = Base; path = Base.lproj/LaunchScreen.storyboard; sourceTree = "<group>"; };
		EAD15741289D0D2700B2A32F /* Info.plist */ = {isa = PBXFileReference; lastKnownFileType = text.plist.xml; path = Info.plist; sourceTree = "<group>"; };
		EAD15799289D109300B2A32F /* FeedTests.xctest */ = {isa = PBXFileReference; explicitFileType = wrapper.cfbundle; includeInIndex = 0; path = FeedTests.xctest; sourceTree = BUILT_PRODUCTS_DIR; };
		EAD1579B289D109300B2A32F /* FeedTests.swift */ = {isa = PBXFileReference; lastKnownFileType = sourcecode.swift; path = FeedTests.swift; sourceTree = "<group>"; };
		EAD1579D289D109400B2A32F /* Info.plist */ = {isa = PBXFileReference; lastKnownFileType = text.plist.xml; path = Info.plist; sourceTree = "<group>"; };
		EAD157A7289D196C00B2A32F /* FeedItem.swift */ = {isa = PBXFileReference; lastKnownFileType = sourcecode.swift; path = FeedItem.swift; sourceTree = "<group>"; };
		EAD157AB289D1A3500B2A32F /* FeedLoader.swift */ = {isa = PBXFileReference; lastKnownFileType = sourcecode.swift; path = FeedLoader.swift; sourceTree = "<group>"; };
		EAD157AF289D272900B2A32F /* RemoteFeedLoaderTests.swift */ = {isa = PBXFileReference; lastKnownFileType = sourcecode.swift; path = RemoteFeedLoaderTests.swift; sourceTree = "<group>"; };
/* End PBXFileReference section */

/* Begin PBXFrameworksBuildPhase section */
		EAD1572D289D0D2500B2A32F /* Frameworks */ = {
			isa = PBXFrameworksBuildPhase;
			buildActionMask = 2147483647;
			files = (
			);
			runOnlyForDeploymentPostprocessing = 0;
		};
		EAD15796289D109300B2A32F /* Frameworks */ = {
			isa = PBXFrameworksBuildPhase;
			buildActionMask = 2147483647;
			files = (
			);
			runOnlyForDeploymentPostprocessing = 0;
		};
/* End PBXFrameworksBuildPhase section */

/* Begin PBXGroup section */
		EAC53981289F392C00366599 /* Feed API */ = {
			isa = PBXGroup;
			children = (
				EAC53982289F395500366599 /* RemoteFeedLoader.swift */,
			);
			path = "Feed API";
			sourceTree = "<group>";
		};
		EAD15727289D0D2500B2A32F = {
			isa = PBXGroup;
			children = (
				EAD15732289D0D2500B2A32F /* Feed */,
				EAD1579A289D109300B2A32F /* FeedTests */,
				EAD15731289D0D2500B2A32F /* Products */,
			);
			sourceTree = "<group>";
		};
		EAD15731289D0D2500B2A32F /* Products */ = {
			isa = PBXGroup;
			children = (
				EAD15730289D0D2500B2A32F /* Feed.app */,
				EAD15799289D109300B2A32F /* FeedTests.xctest */,
			);
			name = Products;
			sourceTree = "<group>";
		};
		EAD15732289D0D2500B2A32F /* Feed */ = {
			isa = PBXGroup;
			children = (
				EAC53981289F392C00366599 /* Feed API */,
				EAD15733289D0D2500B2A32F /* AppDelegate.swift */,
				EAD15735289D0D2500B2A32F /* SceneDelegate.swift */,
				EAD15737289D0D2500B2A32F /* ViewController.swift */,
				EAD15739289D0D2500B2A32F /* Main.storyboard */,
				EAD1573C289D0D2700B2A32F /* Assets.xcassets */,
				EAD1573E289D0D2700B2A32F /* LaunchScreen.storyboard */,
				EAD15741289D0D2700B2A32F /* Info.plist */,
				EAD157A7289D196C00B2A32F /* FeedItem.swift */,
				EAD157AB289D1A3500B2A32F /* FeedLoader.swift */,
			);
			path = Feed;
			sourceTree = "<group>";
		};
		EAD1579A289D109300B2A32F /* FeedTests */ = {
			isa = PBXGroup;
			children = (
				EAD1579B289D109300B2A32F /* FeedTests.swift */,
				EAD1579D289D109400B2A32F /* Info.plist */,
				EAD157AF289D272900B2A32F /* RemoteFeedLoaderTests.swift */,
			);
			path = FeedTests;
			sourceTree = "<group>";
		};
/* End PBXGroup section */

/* Begin PBXNativeTarget section */
		EAD1572F289D0D2500B2A32F /* Feed */ = {
			isa = PBXNativeTarget;
			buildConfigurationList = EAD1575A289D0D2700B2A32F /* Build configuration list for PBXNativeTarget "Feed" */;
			buildPhases = (
				EAD1572C289D0D2500B2A32F /* Sources */,
				EAD1572D289D0D2500B2A32F /* Frameworks */,
				EAD1572E289D0D2500B2A32F /* Resources */,
			);
			buildRules = (
			);
			dependencies = (
			);
			name = Feed;
			productName = Feed;
			productReference = EAD15730289D0D2500B2A32F /* Feed.app */;
			productType = "com.apple.product-type.application";
		};
		EAD15798289D109300B2A32F /* FeedTests */ = {
			isa = PBXNativeTarget;
			buildConfigurationList = EAD157A0289D109400B2A32F /* Build configuration list for PBXNativeTarget "FeedTests" */;
			buildPhases = (
				EAD15795289D109300B2A32F /* Sources */,
				EAD15796289D109300B2A32F /* Frameworks */,
				EAD15797289D109300B2A32F /* Resources */,
			);
			buildRules = (
			);
			dependencies = (
				EAD1579F289D109400B2A32F /* PBXTargetDependency */,
			);
			name = FeedTests;
			productName = FeedTests;
			productReference = EAD15799289D109300B2A32F /* FeedTests.xctest */;
			productType = "com.apple.product-type.bundle.unit-test";
		};
/* End PBXNativeTarget section */

/* Begin PBXProject section */
		EAD15728289D0D2500B2A32F /* Project object */ = {
			isa = PBXProject;
			attributes = {
				LastSwiftUpdateCheck = 1210;
				LastUpgradeCheck = 1210;
				TargetAttributes = {
					EAD1572F289D0D2500B2A32F = {
						CreatedOnToolsVersion = 12.1;
					};
					EAD15798289D109300B2A32F = {
						CreatedOnToolsVersion = 12.1;
						TestTargetID = EAD1572F289D0D2500B2A32F;
					};
				};
			};
			buildConfigurationList = EAD1572B289D0D2500B2A32F /* Build configuration list for PBXProject "Feed" */;
			compatibilityVersion = "Xcode 9.3";
			developmentRegion = en;
			hasScannedForEncodings = 0;
			knownRegions = (
				en,
				Base,
			);
			mainGroup = EAD15727289D0D2500B2A32F;
			productRefGroup = EAD15731289D0D2500B2A32F /* Products */;
			projectDirPath = "";
			projectRoot = "";
			targets = (
				EAD1572F289D0D2500B2A32F /* Feed */,
				EAD15798289D109300B2A32F /* FeedTests */,
			);
		};
/* End PBXProject section */

/* Begin PBXResourcesBuildPhase section */
		EAD1572E289D0D2500B2A32F /* Resources */ = {
			isa = PBXResourcesBuildPhase;
			buildActionMask = 2147483647;
			files = (
				EAD15740289D0D2700B2A32F /* LaunchScreen.storyboard in Resources */,
				EAD1573D289D0D2700B2A32F /* Assets.xcassets in Resources */,
				EAD1573B289D0D2500B2A32F /* Main.storyboard in Resources */,
			);
			runOnlyForDeploymentPostprocessing = 0;
		};
		EAD15797289D109300B2A32F /* Resources */ = {
			isa = PBXResourcesBuildPhase;
			buildActionMask = 2147483647;
			files = (
			);
			runOnlyForDeploymentPostprocessing = 0;
		};
/* End PBXResourcesBuildPhase section */

/* Begin PBXSourcesBuildPhase section */
		EAD1572C289D0D2500B2A32F /* Sources */ = {
			isa = PBXSourcesBuildPhase;
			buildActionMask = 2147483647;
			files = (
				EAD157A8289D196C00B2A32F /* FeedItem.swift in Sources */,
				EAD15738289D0D2500B2A32F /* ViewController.swift in Sources */,
				EAD15734289D0D2500B2A32F /* AppDelegate.swift in Sources */,
				EAD157AC289D1A3500B2A32F /* FeedLoader.swift in Sources */,
				EAC53983289F395500366599 /* RemoteFeedLoader.swift in Sources */,
				EAD15736289D0D2500B2A32F /* SceneDelegate.swift in Sources */,
			);
			runOnlyForDeploymentPostprocessing = 0;
		};
		EAD15795289D109300B2A32F /* Sources */ = {
			isa = PBXSourcesBuildPhase;
			buildActionMask = 2147483647;
			files = (
				EAD157B0289D272900B2A32F /* RemoteFeedLoaderTests.swift in Sources */,
				EAD1579C289D109400B2A32F /* FeedTests.swift in Sources */,
			);
			runOnlyForDeploymentPostprocessing = 0;
		};
/* End PBXSourcesBuildPhase section */

/* Begin PBXTargetDependency section */
		EAD1579F289D109400B2A32F /* PBXTargetDependency */ = {
			isa = PBXTargetDependency;
			target = EAD1572F289D0D2500B2A32F /* Feed */;
			targetProxy = EAD1579E289D109400B2A32F /* PBXContainerItemProxy */;
		};
/* End PBXTargetDependency section */

/* Begin PBXVariantGroup section */
		EAD15739289D0D2500B2A32F /* Main.storyboard */ = {
			isa = PBXVariantGroup;
			children = (
				EAD1573A289D0D2500B2A32F /* Base */,
			);
			name = Main.storyboard;
			sourceTree = "<group>";
		};
		EAD1573E289D0D2700B2A32F /* LaunchScreen.storyboard */ = {
			isa = PBXVariantGroup;
			children = (
				EAD1573F289D0D2700B2A32F /* Base */,
			);
			name = LaunchScreen.storyboard;
			sourceTree = "<group>";
		};
/* End PBXVariantGroup section */

/* Begin XCBuildConfiguration section */
		EAD15758289D0D2700B2A32F /* Debug */ = {
			isa = XCBuildConfiguration;
			buildSettings = {
				ALWAYS_SEARCH_USER_PATHS = NO;
				CLANG_ANALYZER_NONNULL = YES;
				CLANG_ANALYZER_NUMBER_OBJECT_CONVERSION = YES_AGGRESSIVE;
				CLANG_CXX_LANGUAGE_STANDARD = "gnu++14";
				CLANG_CXX_LIBRARY = "libc++";
				CLANG_ENABLE_MODULES = YES;
				CLANG_ENABLE_OBJC_ARC = YES;
				CLANG_ENABLE_OBJC_WEAK = YES;
				CLANG_WARN_BLOCK_CAPTURE_AUTORELEASING = YES;
				CLANG_WARN_BOOL_CONVERSION = YES;
				CLANG_WARN_COMMA = YES;
				CLANG_WARN_CONSTANT_CONVERSION = YES;
				CLANG_WARN_DEPRECATED_OBJC_IMPLEMENTATIONS = YES;
				CLANG_WARN_DIRECT_OBJC_ISA_USAGE = YES_ERROR;
				CLANG_WARN_DOCUMENTATION_COMMENTS = YES;
				CLANG_WARN_EMPTY_BODY = YES;
				CLANG_WARN_ENUM_CONVERSION = YES;
				CLANG_WARN_INFINITE_RECURSION = YES;
				CLANG_WARN_INT_CONVERSION = YES;
				CLANG_WARN_NON_LITERAL_NULL_CONVERSION = YES;
				CLANG_WARN_OBJC_IMPLICIT_RETAIN_SELF = YES;
				CLANG_WARN_OBJC_LITERAL_CONVERSION = YES;
				CLANG_WARN_OBJC_ROOT_CLASS = YES_ERROR;
				CLANG_WARN_QUOTED_INCLUDE_IN_FRAMEWORK_HEADER = YES;
				CLANG_WARN_RANGE_LOOP_ANALYSIS = YES;
				CLANG_WARN_STRICT_PROTOTYPES = YES;
				CLANG_WARN_SUSPICIOUS_MOVE = YES;
				CLANG_WARN_UNGUARDED_AVAILABILITY = YES_AGGRESSIVE;
				CLANG_WARN_UNREACHABLE_CODE = YES;
				CLANG_WARN__DUPLICATE_METHOD_MATCH = YES;
				COPY_PHASE_STRIP = NO;
				DEBUG_INFORMATION_FORMAT = dwarf;
				ENABLE_STRICT_OBJC_MSGSEND = YES;
				ENABLE_TESTABILITY = YES;
				GCC_C_LANGUAGE_STANDARD = gnu11;
				GCC_DYNAMIC_NO_PIC = NO;
				GCC_NO_COMMON_BLOCKS = YES;
				GCC_OPTIMIZATION_LEVEL = 0;
				GCC_PREPROCESSOR_DEFINITIONS = (
					"DEBUG=1",
					"$(inherited)",
				);
				GCC_WARN_64_TO_32_BIT_CONVERSION = YES;
				GCC_WARN_ABOUT_RETURN_TYPE = YES_ERROR;
				GCC_WARN_UNDECLARED_SELECTOR = YES;
				GCC_WARN_UNINITIALIZED_AUTOS = YES_AGGRESSIVE;
				GCC_WARN_UNUSED_FUNCTION = YES;
				GCC_WARN_UNUSED_VARIABLE = YES;
				IPHONEOS_DEPLOYMENT_TARGET = 14.1;
				MTL_ENABLE_DEBUG_INFO = INCLUDE_SOURCE;
				MTL_FAST_MATH = YES;
				ONLY_ACTIVE_ARCH = YES;
				SDKROOT = iphoneos;
				SWIFT_ACTIVE_COMPILATION_CONDITIONS = DEBUG;
				SWIFT_OPTIMIZATION_LEVEL = "-Onone";
			};
			name = Debug;
		};
		EAD15759289D0D2700B2A32F /* Release */ = {
			isa = XCBuildConfiguration;
			buildSettings = {
				ALWAYS_SEARCH_USER_PATHS = NO;
				CLANG_ANALYZER_NONNULL = YES;
				CLANG_ANALYZER_NUMBER_OBJECT_CONVERSION = YES_AGGRESSIVE;
				CLANG_CXX_LANGUAGE_STANDARD = "gnu++14";
				CLANG_CXX_LIBRARY = "libc++";
				CLANG_ENABLE_MODULES = YES;
				CLANG_ENABLE_OBJC_ARC = YES;
				CLANG_ENABLE_OBJC_WEAK = YES;
				CLANG_WARN_BLOCK_CAPTURE_AUTORELEASING = YES;
				CLANG_WARN_BOOL_CONVERSION = YES;
				CLANG_WARN_COMMA = YES;
				CLANG_WARN_CONSTANT_CONVERSION = YES;
				CLANG_WARN_DEPRECATED_OBJC_IMPLEMENTATIONS = YES;
				CLANG_WARN_DIRECT_OBJC_ISA_USAGE = YES_ERROR;
				CLANG_WARN_DOCUMENTATION_COMMENTS = YES;
				CLANG_WARN_EMPTY_BODY = YES;
				CLANG_WARN_ENUM_CONVERSION = YES;
				CLANG_WARN_INFINITE_RECURSION = YES;
				CLANG_WARN_INT_CONVERSION = YES;
				CLANG_WARN_NON_LITERAL_NULL_CONVERSION = YES;
				CLANG_WARN_OBJC_IMPLICIT_RETAIN_SELF = YES;
				CLANG_WARN_OBJC_LITERAL_CONVERSION = YES;
				CLANG_WARN_OBJC_ROOT_CLASS = YES_ERROR;
				CLANG_WARN_QUOTED_INCLUDE_IN_FRAMEWORK_HEADER = YES;
				CLANG_WARN_RANGE_LOOP_ANALYSIS = YES;
				CLANG_WARN_STRICT_PROTOTYPES = YES;
				CLANG_WARN_SUSPICIOUS_MOVE = YES;
				CLANG_WARN_UNGUARDED_AVAILABILITY = YES_AGGRESSIVE;
				CLANG_WARN_UNREACHABLE_CODE = YES;
				CLANG_WARN__DUPLICATE_METHOD_MATCH = YES;
				COPY_PHASE_STRIP = NO;
				DEBUG_INFORMATION_FORMAT = "dwarf-with-dsym";
				ENABLE_NS_ASSERTIONS = NO;
				ENABLE_STRICT_OBJC_MSGSEND = YES;
				GCC_C_LANGUAGE_STANDARD = gnu11;
				GCC_NO_COMMON_BLOCKS = YES;
				GCC_WARN_64_TO_32_BIT_CONVERSION = YES;
				GCC_WARN_ABOUT_RETURN_TYPE = YES_ERROR;
				GCC_WARN_UNDECLARED_SELECTOR = YES;
				GCC_WARN_UNINITIALIZED_AUTOS = YES_AGGRESSIVE;
				GCC_WARN_UNUSED_FUNCTION = YES;
				GCC_WARN_UNUSED_VARIABLE = YES;
				IPHONEOS_DEPLOYMENT_TARGET = 14.1;
				MTL_ENABLE_DEBUG_INFO = NO;
				MTL_FAST_MATH = YES;
				SDKROOT = iphoneos;
				SWIFT_COMPILATION_MODE = wholemodule;
				SWIFT_OPTIMIZATION_LEVEL = "-O";
				VALIDATE_PRODUCT = YES;
			};
			name = Release;
		};
		EAD1575B289D0D2700B2A32F /* Debug */ = {
			isa = XCBuildConfiguration;
			buildSettings = {
				ASSETCATALOG_COMPILER_APPICON_NAME = AppIcon;
				ASSETCATALOG_COMPILER_GLOBAL_ACCENT_COLOR_NAME = AccentColor;
				CODE_SIGN_STYLE = Automatic;
				DEVELOPMENT_TEAM = 5EEQXBZ866;
				INFOPLIST_FILE = Feed/Info.plist;
				LD_RUNPATH_SEARCH_PATHS = (
					"$(inherited)",
					"@executable_path/Frameworks",
				);
				PRODUCT_BUNDLE_IDENTIFIER = com.mayu.ue.Feed;
				PRODUCT_NAME = "$(TARGET_NAME)";
				SWIFT_VERSION = 5.0;
				TARGETED_DEVICE_FAMILY = "1,2";
			};
			name = Debug;
		};
		EAD1575C289D0D2700B2A32F /* Release */ = {
			isa = XCBuildConfiguration;
			buildSettings = {
				ASSETCATALOG_COMPILER_APPICON_NAME = AppIcon;
				ASSETCATALOG_COMPILER_GLOBAL_ACCENT_COLOR_NAME = AccentColor;
				CODE_SIGN_STYLE = Automatic;
				DEVELOPMENT_TEAM = 5EEQXBZ866;
				INFOPLIST_FILE = Feed/Info.plist;
				LD_RUNPATH_SEARCH_PATHS = (
					"$(inherited)",
					"@executable_path/Frameworks",
				);
				PRODUCT_BUNDLE_IDENTIFIER = com.mayu.ue.Feed;
				PRODUCT_NAME = "$(TARGET_NAME)";
				SWIFT_VERSION = 5.0;
				TARGETED_DEVICE_FAMILY = "1,2";
			};
			name = Release;
		};
		EAD157A1289D109400B2A32F /* Debug */ = {
			isa = XCBuildConfiguration;
			buildSettings = {
				BUNDLE_LOADER = "$(TEST_HOST)";
				CODE_SIGN_STYLE = Automatic;
				DEVELOPMENT_TEAM = 5EEQXBZ866;
				INFOPLIST_FILE = FeedTests/Info.plist;
				LD_RUNPATH_SEARCH_PATHS = (
					"$(inherited)",
					"@executable_path/Frameworks",
					"@loader_path/Frameworks",
				);
				PRODUCT_BUNDLE_IDENTIFIER = com.mayu.ue.FeedTests;
				PRODUCT_NAME = "$(TARGET_NAME)";
				SWIFT_VERSION = 5.0;
				TARGETED_DEVICE_FAMILY = "1,2";
				TEST_HOST = "$(BUILT_PRODUCTS_DIR)/Feed.app/Feed";
			};
			name = Debug;
		};
		EAD157A2289D109400B2A32F /* Release */ = {
			isa = XCBuildConfiguration;
			buildSettings = {
				BUNDLE_LOADER = "$(TEST_HOST)";
				CODE_SIGN_STYLE = Automatic;
				DEVELOPMENT_TEAM = 5EEQXBZ866;
				INFOPLIST_FILE = FeedTests/Info.plist;
				LD_RUNPATH_SEARCH_PATHS = (
					"$(inherited)",
					"@executable_path/Frameworks",
					"@loader_path/Frameworks",
				);
				PRODUCT_BUNDLE_IDENTIFIER = com.mayu.ue.FeedTests;
				PRODUCT_NAME = "$(TARGET_NAME)";
				SWIFT_VERSION = 5.0;
				TARGETED_DEVICE_FAMILY = "1,2";
				TEST_HOST = "$(BUILT_PRODUCTS_DIR)/Feed.app/Feed";
			};
			name = Release;
		};
/* End XCBuildConfiguration section */

/* Begin XCConfigurationList section */
		EAD1572B289D0D2500B2A32F /* Build configuration list for PBXProject "Feed" */ = {
			isa = XCConfigurationList;
			buildConfigurations = (
				EAD15758289D0D2700B2A32F /* Debug */,
				EAD15759289D0D2700B2A32F /* Release */,
			);
			defaultConfigurationIsVisible = 0;
			defaultConfigurationName = Release;
		};
		EAD1575A289D0D2700B2A32F /* Build configuration list for PBXNativeTarget "Feed" */ = {
			isa = XCConfigurationList;
			buildConfigurations = (
				EAD1575B289D0D2700B2A32F /* Debug */,
				EAD1575C289D0D2700B2A32F /* Release */,
			);
			defaultConfigurationIsVisible = 0;
			defaultConfigurationName = Release;
		};
		EAD157A0289D109400B2A32F /* Build configuration list for PBXNativeTarget "FeedTests" */ = {
			isa = XCConfigurationList;
			buildConfigurations = (
				EAD157A1289D109400B2A32F /* Debug */,
				EAD157A2289D109400B2A32F /* Release */,
			);
			defaultConfigurationIsVisible = 0;
			defaultConfigurationName = Release;
		};
/* End XCConfigurationList section */
	};
	rootObject = EAD15728289D0D2500B2A32F /* Project object */;
}
